
Microsoft Visual Studio Solution File, Format Version 12.00
# Visual Studio 14
VisualStudioVersion = 14.0.25123.0
MinimumVisualStudioVersion = 10.0.40219.1
Project("{FAE04EC0-301F-11D3-BF4B-00C04F79EFBC}") = "BulletMLLib.Tests", "BulletMLLib.Tests\BulletMLLib.Tests.csproj", "{14CBD999-D5C4-43F1-B685-AD9C295A52B3}"
EndProject
Project("{FAE04EC0-301F-11D3-BF4B-00C04F79EFBC}") = "BulletMLLib.Android", "BulletMLLib.Android\BulletMLLib.Android.csproj", "{FB367D4F-9AFF-4562-864A-C35C51BDBCDB}"
EndProject
Project("{FAE04EC0-301F-11D3-BF4B-00C04F79EFBC}") = "BulletMLLib.DesktopGL", "BulletMLLib.DesktopGL\BulletMLLib.DesktopGL.csproj", "{D9E1E2D5-A3C6-4DD7-AE0C-65C6065787F3}"
EndProject
Project("{FAE04EC0-301F-11D3-BF4B-00C04F79EFBC}") = "BulletMLLib.iOS", "BulletMLLib.iOS\BulletMLLib.iOS.csproj", "{5B39461A-BF2A-48B2-BA11-61F11B7330D5}"
EndProject
Project("{FAE04EC0-301F-11D3-BF4B-00C04F79EFBC}") = "BulletMLLib.WindowsUniversal", "BulletMLLib.WindowsUniversal\BulletMLLib.WindowsUniversal.csproj", "{E032F2B4-8CBE-4FF6-AF89-0C697F3E4287}"
EndProject
Project("{2150E333-8FDC-42A3-9474-1A3956D46DE8}") = "Solution Items", "Solution Items", "{20855DBB-B923-4B21-B8D2-5413F00F0B9F}"
	ProjectSection(SolutionItems) = preProject
		buildNugetPackages.ps1 = buildNugetPackages.ps1
		BulletMLLib.nuspec = BulletMLLib.nuspec
	EndProjectSection
EndProject
Project("{D954291E-2A0B-460D-934E-DC6B0785DB48}") = "BulletMLLib.SharedProject", "BulletMLLib.SharedProject\BulletMLLib.SharedProject.shproj", "{AEEEAF52-A8A0-4B47-808E-933CBD48FE20}"
EndProject
Global
	GlobalSection(SharedMSBuildProjectFiles) = preSolution
		BulletMLLib.SharedProject\BulletMLLib.SharedProject.projitems*{5b39461a-bf2a-48b2-ba11-61f11b7330d5}*SharedItemsImports = 4
		BulletMLLib.SharedProject\BulletMLLib.SharedProject.projitems*{aeeeaf52-a8a0-4b47-808e-933cbd48fe20}*SharedItemsImports = 13
		BulletMLLib.SharedProject\BulletMLLib.SharedProject.projitems*{fb367d4f-9aff-4562-864a-c35c51bdbcdb}*SharedItemsImports = 4
		BulletMLLib.SharedProject\BulletMLLib.SharedProject.projitems*{d9e1e2d5-a3c6-4dd7-ae0c-65c6065787f3}*SharedItemsImports = 4
		BulletMLLib.SharedProject\BulletMLLib.SharedProject.projitems*{e032f2b4-8cbe-4ff6-af89-0c697f3e4287}*SharedItemsImports = 4
	EndGlobalSection
	GlobalSection(SolutionConfigurationPlatforms) = preSolution
		AppStore|Any CPU = AppStore|Any CPU
		AppStore|ARM = AppStore|ARM
		AppStore|x64 = AppStore|x64
		AppStore|x86 = AppStore|x86
		Debug|Any CPU = Debug|Any CPU
		Debug|ARM = Debug|ARM
		Debug|x64 = Debug|x64
		Debug|x86 = Debug|x86
		Release|Any CPU = Release|Any CPU
		Release|ARM = Release|ARM
		Release|x64 = Release|x64
		Release|x86 = Release|x86
	EndGlobalSection
	GlobalSection(ProjectConfigurationPlatforms) = postSolution
		{14CBD999-D5C4-43F1-B685-AD9C295A52B3}.AppStore|Any CPU.ActiveCfg = Release|Any CPU
		{14CBD999-D5C4-43F1-B685-AD9C295A52B3}.AppStore|Any CPU.Build.0 = Release|Any CPU
		{14CBD999-D5C4-43F1-B685-AD9C295A52B3}.AppStore|ARM.ActiveCfg = Debug|Any CPU
		{14CBD999-D5C4-43F1-B685-AD9C295A52B3}.AppStore|ARM.Build.0 = Debug|Any CPU
		{14CBD999-D5C4-43F1-B685-AD9C295A52B3}.AppStore|x64.ActiveCfg = Debug|Any CPU
		{14CBD999-D5C4-43F1-B685-AD9C295A52B3}.AppStore|x64.Build.0 = Debug|Any CPU
		{14CBD999-D5C4-43F1-B685-AD9C295A52B3}.AppStore|x86.ActiveCfg = Debug|Any CPU
		{14CBD999-D5C4-43F1-B685-AD9C295A52B3}.AppStore|x86.Build.0 = Debug|Any CPU
		{14CBD999-D5C4-43F1-B685-AD9C295A52B3}.Debug|Any CPU.ActiveCfg = Debug|Any CPU
		{14CBD999-D5C4-43F1-B685-AD9C295A52B3}.Debug|Any CPU.Build.0 = Debug|Any CPU
		{14CBD999-D5C4-43F1-B685-AD9C295A52B3}.Debug|ARM.ActiveCfg = Debug|Any CPU
		{14CBD999-D5C4-43F1-B685-AD9C295A52B3}.Debug|ARM.Build.0 = Debug|Any CPU
		{14CBD999-D5C4-43F1-B685-AD9C295A52B3}.Debug|x64.ActiveCfg = Debug|Any CPU
		{14CBD999-D5C4-43F1-B685-AD9C295A52B3}.Debug|x64.Build.0 = Debug|Any CPU
		{14CBD999-D5C4-43F1-B685-AD9C295A52B3}.Debug|x86.ActiveCfg = Debug|Any CPU
		{14CBD999-D5C4-43F1-B685-AD9C295A52B3}.Debug|x86.Build.0 = Debug|Any CPU
		{14CBD999-D5C4-43F1-B685-AD9C295A52B3}.Release|Any CPU.ActiveCfg = Release|Any CPU
		{14CBD999-D5C4-43F1-B685-AD9C295A52B3}.Release|Any CPU.Build.0 = Release|Any CPU
		{14CBD999-D5C4-43F1-B685-AD9C295A52B3}.Release|ARM.ActiveCfg = Release|Any CPU
		{14CBD999-D5C4-43F1-B685-AD9C295A52B3}.Release|ARM.Build.0 = Release|Any CPU
		{14CBD999-D5C4-43F1-B685-AD9C295A52B3}.Release|x64.ActiveCfg = Release|Any CPU
		{14CBD999-D5C4-43F1-B685-AD9C295A52B3}.Release|x64.Build.0 = Release|Any CPU
		{14CBD999-D5C4-43F1-B685-AD9C295A52B3}.Release|x86.ActiveCfg = Release|Any CPU
		{14CBD999-D5C4-43F1-B685-AD9C295A52B3}.Release|x86.Build.0 = Release|Any CPU
		{FB367D4F-9AFF-4562-864A-C35C51BDBCDB}.AppStore|Any CPU.ActiveCfg = Release|Any CPU
		{FB367D4F-9AFF-4562-864A-C35C51BDBCDB}.AppStore|Any CPU.Build.0 = Release|Any CPU
		{FB367D4F-9AFF-4562-864A-C35C51BDBCDB}.AppStore|ARM.ActiveCfg = Debug|Any CPU
		{FB367D4F-9AFF-4562-864A-C35C51BDBCDB}.AppStore|ARM.Build.0 = Debug|Any CPU
		{FB367D4F-9AFF-4562-864A-C35C51BDBCDB}.AppStore|x64.ActiveCfg = Debug|Any CPU
		{FB367D4F-9AFF-4562-864A-C35C51BDBCDB}.AppStore|x64.Build.0 = Debug|Any CPU
		{FB367D4F-9AFF-4562-864A-C35C51BDBCDB}.AppStore|x86.ActiveCfg = Debug|Any CPU
		{FB367D4F-9AFF-4562-864A-C35C51BDBCDB}.AppStore|x86.Build.0 = Debug|Any CPU
		{FB367D4F-9AFF-4562-864A-C35C51BDBCDB}.Debug|Any CPU.ActiveCfg = Debug|Any CPU
		{FB367D4F-9AFF-4562-864A-C35C51BDBCDB}.Debug|Any CPU.Build.0 = Debug|Any CPU
		{FB367D4F-9AFF-4562-864A-C35C51BDBCDB}.Debug|ARM.ActiveCfg = Debug|Any CPU
		{FB367D4F-9AFF-4562-864A-C35C51BDBCDB}.Debug|ARM.Build.0 = Debug|Any CPU
		{FB367D4F-9AFF-4562-864A-C35C51BDBCDB}.Debug|x64.ActiveCfg = Debug|Any CPU
		{FB367D4F-9AFF-4562-864A-C35C51BDBCDB}.Debug|x64.Build.0 = Debug|Any CPU
		{FB367D4F-9AFF-4562-864A-C35C51BDBCDB}.Debug|x86.ActiveCfg = Debug|Any CPU
		{FB367D4F-9AFF-4562-864A-C35C51BDBCDB}.Debug|x86.Build.0 = Debug|Any CPU
		{FB367D4F-9AFF-4562-864A-C35C51BDBCDB}.Release|Any CPU.ActiveCfg = Release|Any CPU
		{FB367D4F-9AFF-4562-864A-C35C51BDBCDB}.Release|Any CPU.Build.0 = Release|Any CPU
		{FB367D4F-9AFF-4562-864A-C35C51BDBCDB}.Release|ARM.ActiveCfg = Release|Any CPU
		{FB367D4F-9AFF-4562-864A-C35C51BDBCDB}.Release|ARM.Build.0 = Release|Any CPU
		{FB367D4F-9AFF-4562-864A-C35C51BDBCDB}.Release|x64.ActiveCfg = Release|Any CPU
		{FB367D4F-9AFF-4562-864A-C35C51BDBCDB}.Release|x64.Build.0 = Release|Any CPU
		{FB367D4F-9AFF-4562-864A-C35C51BDBCDB}.Release|x86.ActiveCfg = Release|Any CPU
		{FB367D4F-9AFF-4562-864A-C35C51BDBCDB}.Release|x86.Build.0 = Release|Any CPU
		{D9E1E2D5-A3C6-4DD7-AE0C-65C6065787F3}.AppStore|Any CPU.ActiveCfg = Release|Any CPU
		{D9E1E2D5-A3C6-4DD7-AE0C-65C6065787F3}.AppStore|Any CPU.Build.0 = Release|Any CPU
		{D9E1E2D5-A3C6-4DD7-AE0C-65C6065787F3}.AppStore|ARM.ActiveCfg = Debug|Any CPU
		{D9E1E2D5-A3C6-4DD7-AE0C-65C6065787F3}.AppStore|ARM.Build.0 = Debug|Any CPU
		{D9E1E2D5-A3C6-4DD7-AE0C-65C6065787F3}.AppStore|x64.ActiveCfg = Debug|Any CPU
		{D9E1E2D5-A3C6-4DD7-AE0C-65C6065787F3}.AppStore|x64.Build.0 = Debug|Any CPU
		{D9E1E2D5-A3C6-4DD7-AE0C-65C6065787F3}.AppStore|x86.ActiveCfg = Debug|Any CPU
		{D9E1E2D5-A3C6-4DD7-AE0C-65C6065787F3}.AppStore|x86.Build.0 = Debug|Any CPU
		{D9E1E2D5-A3C6-4DD7-AE0C-65C6065787F3}.Debug|Any CPU.ActiveCfg = Debug|Any CPU
		{D9E1E2D5-A3C6-4DD7-AE0C-65C6065787F3}.Debug|Any CPU.Build.0 = Debug|Any CPU
		{D9E1E2D5-A3C6-4DD7-AE0C-65C6065787F3}.Debug|ARM.ActiveCfg = Debug|Any CPU
		{D9E1E2D5-A3C6-4DD7-AE0C-65C6065787F3}.Debug|ARM.Build.0 = Debug|Any CPU
		{D9E1E2D5-A3C6-4DD7-AE0C-65C6065787F3}.Debug|x64.ActiveCfg = Debug|Any CPU
		{D9E1E2D5-A3C6-4DD7-AE0C-65C6065787F3}.Debug|x64.Build.0 = Debug|Any CPU
		{D9E1E2D5-A3C6-4DD7-AE0C-65C6065787F3}.Debug|x86.ActiveCfg = Debug|Any CPU
		{D9E1E2D5-A3C6-4DD7-AE0C-65C6065787F3}.Debug|x86.Build.0 = Debug|Any CPU
		{D9E1E2D5-A3C6-4DD7-AE0C-65C6065787F3}.Release|Any CPU.ActiveCfg = Release|Any CPU
		{D9E1E2D5-A3C6-4DD7-AE0C-65C6065787F3}.Release|Any CPU.Build.0 = Release|Any CPU
		{D9E1E2D5-A3C6-4DD7-AE0C-65C6065787F3}.Release|ARM.ActiveCfg = Release|Any CPU
		{D9E1E2D5-A3C6-4DD7-AE0C-65C6065787F3}.Release|ARM.Build.0 = Release|Any CPU
		{D9E1E2D5-A3C6-4DD7-AE0C-65C6065787F3}.Release|x64.ActiveCfg = Release|Any CPU
		{D9E1E2D5-A3C6-4DD7-AE0C-65C6065787F3}.Release|x64.Build.0 = Release|Any CPU
		{D9E1E2D5-A3C6-4DD7-AE0C-65C6065787F3}.Release|x86.ActiveCfg = Release|Any CPU
		{D9E1E2D5-A3C6-4DD7-AE0C-65C6065787F3}.Release|x86.Build.0 = Release|Any CPU
		{5B39461A-BF2A-48B2-BA11-61F11B7330D5}.AppStore|Any CPU.ActiveCfg = Release|Any CPU
		{5B39461A-BF2A-48B2-BA11-61F11B7330D5}.AppStore|Any CPU.Build.0 = Release|Any CPU
		{5B39461A-BF2A-48B2-BA11-61F11B7330D5}.AppStore|ARM.ActiveCfg = Release|Any CPU
		{5B39461A-BF2A-48B2-BA11-61F11B7330D5}.AppStore|ARM.Build.0 = Release|Any CPU
		{5B39461A-BF2A-48B2-BA11-61F11B7330D5}.AppStore|x64.ActiveCfg = Release|Any CPU
		{5B39461A-BF2A-48B2-BA11-61F11B7330D5}.AppStore|x64.Build.0 = Release|Any CPU
		{5B39461A-BF2A-48B2-BA11-61F11B7330D5}.AppStore|x86.ActiveCfg = Release|Any CPU
		{5B39461A-BF2A-48B2-BA11-61F11B7330D5}.AppStore|x86.Build.0 = Release|Any CPU
		{5B39461A-BF2A-48B2-BA11-61F11B7330D5}.Debug|Any CPU.ActiveCfg = Debug|Any CPU
		{5B39461A-BF2A-48B2-BA11-61F11B7330D5}.Debug|Any CPU.Build.0 = Debug|Any CPU
		{5B39461A-BF2A-48B2-BA11-61F11B7330D5}.Debug|ARM.ActiveCfg = Debug|Any CPU
		{5B39461A-BF2A-48B2-BA11-61F11B7330D5}.Debug|ARM.Build.0 = Debug|Any CPU
		{5B39461A-BF2A-48B2-BA11-61F11B7330D5}.Debug|x64.ActiveCfg = Debug|Any CPU
		{5B39461A-BF2A-48B2-BA11-61F11B7330D5}.Debug|x64.Build.0 = Debug|Any CPU
		{5B39461A-BF2A-48B2-BA11-61F11B7330D5}.Debug|x86.ActiveCfg = Debug|Any CPU
		{5B39461A-BF2A-48B2-BA11-61F11B7330D5}.Debug|x86.Build.0 = Debug|Any CPU
		{5B39461A-BF2A-48B2-BA11-61F11B7330D5}.Release|Any CPU.ActiveCfg = Release|Any CPU
		{5B39461A-BF2A-48B2-BA11-61F11B7330D5}.Release|Any CPU.Build.0 = Release|Any CPU
		{5B39461A-BF2A-48B2-BA11-61F11B7330D5}.Release|ARM.ActiveCfg = Release|Any CPU
		{5B39461A-BF2A-48B2-BA11-61F11B7330D5}.Release|ARM.Build.0 = Release|Any CPU
		{5B39461A-BF2A-48B2-BA11-61F11B7330D5}.Release|x64.ActiveCfg = Release|Any CPU
		{5B39461A-BF2A-48B2-BA11-61F11B7330D5}.Release|x64.Build.0 = Release|Any CPU
		{5B39461A-BF2A-48B2-BA11-61F11B7330D5}.Release|x86.ActiveCfg = Release|Any CPU
		{5B39461A-BF2A-48B2-BA11-61F11B7330D5}.Release|x86.Build.0 = Release|Any CPU
		{E032F2B4-8CBE-4FF6-AF89-0C697F3E4287}.AppStore|Any CPU.ActiveCfg = Release|Any CPU
		{E032F2B4-8CBE-4FF6-AF89-0C697F3E4287}.AppStore|Any CPU.Build.0 = Release|Any CPU
		{E032F2B4-8CBE-4FF6-AF89-0C697F3E4287}.AppStore|ARM.ActiveCfg = Release|ARM
		{E032F2B4-8CBE-4FF6-AF89-0C697F3E4287}.AppStore|ARM.Build.0 = Release|ARM
		{E032F2B4-8CBE-4FF6-AF89-0C697F3E4287}.AppStore|x64.ActiveCfg = Release|x64
		{E032F2B4-8CBE-4FF6-AF89-0C697F3E4287}.AppStore|x64.Build.0 = Release|x64
		{E032F2B4-8CBE-4FF6-AF89-0C697F3E4287}.AppStore|x86.ActiveCfg = Release|x86
		{E032F2B4-8CBE-4FF6-AF89-0C697F3E4287}.AppStore|x86.Build.0 = Release|x86
		{E032F2B4-8CBE-4FF6-AF89-0C697F3E4287}.Debug|Any CPU.ActiveCfg = Debug|Any CPU
		{E032F2B4-8CBE-4FF6-AF89-0C697F3E4287}.Debug|Any CPU.Build.0 = Debug|Any CPU
		{E032F2B4-8CBE-4FF6-AF89-0C697F3E4287}.Debug|ARM.ActiveCfg = Debug|ARM
		{E032F2B4-8CBE-4FF6-AF89-0C697F3E4287}.Debug|ARM.Build.0 = Debug|ARM
		{E032F2B4-8CBE-4FF6-AF89-0C697F3E4287}.Debug|x64.ActiveCfg = Debug|x64
		{E032F2B4-8CBE-4FF6-AF89-0C697F3E4287}.Debug|x64.Build.0 = Debug|x64
		{E032F2B4-8CBE-4FF6-AF89-0C697F3E4287}.Debug|x86.ActiveCfg = Debug|x86
		{E032F2B4-8CBE-4FF6-AF89-0C697F3E4287}.Debug|x86.Build.0 = Debug|x86
		{E032F2B4-8CBE-4FF6-AF89-0C697F3E4287}.Release|Any CPU.ActiveCfg = Release|Any CPU
		{E032F2B4-8CBE-4FF6-AF89-0C697F3E4287}.Release|Any CPU.Build.0 = Release|Any CPU
		{E032F2B4-8CBE-4FF6-AF89-0C697F3E4287}.Release|ARM.ActiveCfg = Release|ARM
		{E032F2B4-8CBE-4FF6-AF89-0C697F3E4287}.Release|ARM.Build.0 = Release|ARM
		{E032F2B4-8CBE-4FF6-AF89-0C697F3E4287}.Release|x64.ActiveCfg = Release|x64
		{E032F2B4-8CBE-4FF6-AF89-0C697F3E4287}.Release|x64.Build.0 = Release|x64
		{E032F2B4-8CBE-4FF6-AF89-0C697F3E4287}.Release|x86.ActiveCfg = Release|x86
		{E032F2B4-8CBE-4FF6-AF89-0C697F3E4287}.Release|x86.Build.0 = Release|x86
	EndGlobalSection
	GlobalSection(SolutionProperties) = preSolution
		HideSolutionNode = FALSE
	EndGlobalSection
EndGlobal
